
Microsoft Visual Studio Solution File, Format Version 12.00
# Visual Studio Version 17
VisualStudioVersion = 17.0.31903.59
MinimumVisualStudioVersion = 10.0.40219.1
Project("{2150E333-8FDC-42A3-9474-1A3956D46DE8}") = "Common Application Blocks", "Common Application Blocks", "{57BC377B-13E4-47D2-9F9F-D8931EF118CE}"
EndProject
Project("{FAE04EC0-301F-11D3-BF4B-00C04F79EFBC}") = "ProductiveLibrary.Resources", "ProductiveLibrary.Resources\src\ProductiveLibrary.Resources.csproj", "{8B3A702C-E1B5-4068-A490-7915CB885D4F}"
EndProject
Project("{FAE04EC0-301F-11D3-BF4B-00C04F79EFBC}") = "ProductiveLibrary.Common", "ProductiveLibrary.Common\src\ProductiveLibrary.Common.csproj", "{15E5D8EE-8B54-4660-B2F7-D3133C1DA71E}"
EndProject
Global
	GlobalSection(SolutionConfigurationPlatforms) = preSolution
		Debug|Any CPU = Debug|Any CPU
		Release|Any CPU = Release|Any CPU
	EndGlobalSection
	GlobalSection(ProjectConfigurationPlatforms) = postSolution
		{8B3A702C-E1B5-4068-A490-7915CB885D4F}.Debug|Any CPU.ActiveCfg = Debug|Any CPU
		{8B3A702C-E1B5-4068-A490-7915CB885D4F}.Debug|Any CPU.Build.0 = Debug|Any CPU
		{8B3A702C-E1B5-4068-A490-7915CB885D4F}.Release|Any CPU.ActiveCfg = Release|Any CPU
		{8B3A702C-E1B5-4068-A490-7915CB885D4F}.Release|Any CPU.Build.0 = Release|Any CPU
		{15E5D8EE-8B54-4660-B2F7-D3133C1DA71E}.Debug|Any CPU.ActiveCfg = Debug|Any CPU
		{15E5D8EE-8B54-4660-B2F7-D3133C1DA71E}.Debug|Any CPU.Build.0 = Debug|Any CPU
		{15E5D8EE-8B54-4660-B2F7-D3133C1DA71E}.Release|Any CPU.ActiveCfg = Release|Any CPU
		{15E5D8EE-8B54-4660-B2F7-D3133C1DA71E}.Release|Any CPU.Build.0 = Release|Any CPU
	EndGlobalSection
	GlobalSection(SolutionProperties) = preSolution
		HideSolutionNode = FALSE
	EndGlobalSection
	GlobalSection(NestedProjects) = preSolution
		{8B3A702C-E1B5-4068-A490-7915CB885D4F} = {57BC377B-13E4-47D2-9F9F-D8931EF118CE}
		{15E5D8EE-8B54-4660-B2F7-D3133C1DA71E} = {57BC377B-13E4-47D2-9F9F-D8931EF118CE}
	EndGlobalSection
	GlobalSection(ExtensibilityGlobals) = postSolution
		RESX_NeutralResourcesLanguage = zh-Hans
	EndGlobalSection
EndGlobal
