
Microsoft Visual Studio Solution File, Format Version 12.00
# Visual Studio Version 17
VisualStudioVersion = 17.0.31903.59
MinimumVisualStudioVersion = 10.0.40219.1
Project("{2150E333-8FDC-42A3-9474-1A3956D46DE8}") = "Common Application Blocks", "Common Application Blocks", "{57BC377B-13E4-47D2-9F9F-D8931EF118CE}"
EndProject
Project("{FAE04EC0-301F-11D3-BF4B-00C04F79EFBC}") = "ProductiveLibrary.Resources", "ProductiveLibrary.Resources\src\ProductiveLibrary.Resources.csproj", "{8B3A702C-E1B5-4068-A490-7915CB885D4F}"
EndProject
Project("{FAE04EC0-301F-11D3-BF4B-00C04F79EFBC}") = "ProductiveLibrary.Common", "ProductiveLibrary.Common\src\ProductiveLibrary.Common.csproj", "{15E5D8EE-8B54-4660-B2F7-D3133C1DA71E}"
EndProject
Project("{FAE04EC0-301F-11D3-BF4B-00C04F79EFBC}") = "ProductiveLibrary.Security.Integer", "ProductiveLibrary.Security.Integer\src\ProductiveLibrary.Security.Integer.csproj", "{CDDA104A-3060-3E8A-C200-15CD8E5B506F}"
EndProject
Project("{FAE04EC0-301F-11D3-BF4B-00C04F79EFBC}") = "ProductiveLibrary.Ulid", "ProductiveLibrary.Ulid\src\ProductiveLibrary.Ulid.csproj", "{033161BF-C5C3-8718-A117-A319463A7928}"
EndProject
Project("{2150E333-8FDC-42A3-9474-1A3956D46DE8}") = "Extensions", "Extensions", "{02EA681E-C7D8-13C7-8484-4AC65E1B71E8}"
EndProject
Project("{FAE04EC0-301F-11D3-BF4B-00C04F79EFBC}") = "ProductiveLibrary.NanoId", "ProductiveLibrary.NanoId\src\ProductiveLibrary.NanoId.csproj", "{7BEEECC3-4316-6155-6DFB-B03659620101}"
EndProject
Project("{2150E333-8FDC-42A3-9474-1A3956D46DE8}") = "Logging Application Blocks", "Logging Application Blocks", "{C5BE4A41-5E34-4335-BC23-0A164957927C}"
EndProject
Project("{FAE04EC0-301F-11D3-BF4B-00C04F79EFBC}") = "ProductiveLibrary.Logging.Abstractions", "ProductiveLibrary.Logging.Abstractions\src\ProductiveLibrary.Logging.Abstractions.csproj", "{550F556E-008F-843E-CF04-7CF5813DC660}"
EndProject
Project("{FAE04EC0-301F-11D3-BF4B-00C04F79EFBC}") = "ProductiveLibrary.Logging.Microsoft", "ProductiveLibrary.Logging.Microsoft\src\ProductiveLibrary.Logging.Microsoft.csproj", "{56B18F2E-36F4-853F-1E3B-8F0D39F79FC6}"
EndProject
Project("{FAE04EC0-301F-11D3-BF4B-00C04F79EFBC}") = "ProductiveLibrary.Logging.NLog", "ProductiveLibrary.Logging.NLog\src\ProductiveLibrary.Logging.NLog.csproj", "{F71DA313-941F-B6CD-B073-E0E216166F6B}"
EndProject
Project("{2150E333-8FDC-42A3-9474-1A3956D46DE8}") = "Serialization Application Blocks", "Serialization Application Blocks", "{7CAFD0A5-433E-49E2-9972-D505C851AD64}"
EndProject
Project("{FAE04EC0-301F-11D3-BF4B-00C04F79EFBC}") = "ProductiveLibrary.Serialization.Abstractions", "ProductiveLibrary.Serialization.Abstractions\src\ProductiveLibrary.Serialization.Abstractions.csproj", "{646B8D48-A988-CD41-B0A3-07537CA6220F}"
EndProject
Project("{FAE04EC0-301F-11D3-BF4B-00C04F79EFBC}") = "ProductiveLibrary.Core.Abstractions", "ProductiveLibrary.Core.Abstractions\src\ProductiveLibrary.Core.Abstractions.csproj", "{D700E4CF-C928-AC29-92AE-108873F062EF}"
EndProject
Project("{FAE04EC0-301F-11D3-BF4B-00C04F79EFBC}") = "ProductiveLibrary.Core", "ProductiveLibrary.Core\src\ProductiveLibrary.Core.csproj", "{91540512-47FF-036A-AA32-B1370FDC7548}"
EndProject
Project("{FAE04EC0-301F-11D3-BF4B-00C04F79EFBC}") = "ProductiveLibrary.Core.UnityContainer", "ProductiveLibrary.Core.UnityContainer\src\ProductiveLibrary.Core.UnityContainer.csproj", "{6A3565DD-4A6A-6586-EC79-6DB9B53064BE}"
EndProject
Global
	GlobalSection(SolutionConfigurationPlatforms) = preSolution
		Debug|Any CPU = Debug|Any CPU
		Release|Any CPU = Release|Any CPU
	EndGlobalSection
	GlobalSection(ProjectConfigurationPlatforms) = postSolution
		{8B3A702C-E1B5-4068-A490-7915CB885D4F}.Debug|Any CPU.ActiveCfg = Debug|Any CPU
		{8B3A702C-E1B5-4068-A490-7915CB885D4F}.Debug|Any CPU.Build.0 = Debug|Any CPU
		{8B3A702C-E1B5-4068-A490-7915CB885D4F}.Release|Any CPU.ActiveCfg = Release|Any CPU
		{8B3A702C-E1B5-4068-A490-7915CB885D4F}.Release|Any CPU.Build.0 = Release|Any CPU
		{15E5D8EE-8B54-4660-B2F7-D3133C1DA71E}.Debug|Any CPU.ActiveCfg = Debug|Any CPU
		{15E5D8EE-8B54-4660-B2F7-D3133C1DA71E}.Debug|Any CPU.Build.0 = Debug|Any CPU
		{15E5D8EE-8B54-4660-B2F7-D3133C1DA71E}.Release|Any CPU.ActiveCfg = Release|Any CPU
		{15E5D8EE-8B54-4660-B2F7-D3133C1DA71E}.Release|Any CPU.Build.0 = Release|Any CPU
		{CDDA104A-3060-3E8A-C200-15CD8E5B506F}.Debug|Any CPU.ActiveCfg = Debug|Any CPU
		{CDDA104A-3060-3E8A-C200-15CD8E5B506F}.Debug|Any CPU.Build.0 = Debug|Any CPU
		{CDDA104A-3060-3E8A-C200-15CD8E5B506F}.Release|Any CPU.ActiveCfg = Release|Any CPU
		{CDDA104A-3060-3E8A-C200-15CD8E5B506F}.Release|Any CPU.Build.0 = Release|Any CPU
		{033161BF-C5C3-8718-A117-A319463A7928}.Debug|Any CPU.ActiveCfg = Debug|Any CPU
		{033161BF-C5C3-8718-A117-A319463A7928}.Debug|Any CPU.Build.0 = Debug|Any CPU
		{033161BF-C5C3-8718-A117-A319463A7928}.Release|Any CPU.ActiveCfg = Release|Any CPU
		{033161BF-C5C3-8718-A117-A319463A7928}.Release|Any CPU.Build.0 = Release|Any CPU
		{7BEEECC3-4316-6155-6DFB-B03659620101}.Debug|Any CPU.ActiveCfg = Debug|Any CPU
		{7BEEECC3-4316-6155-6DFB-B03659620101}.Debug|Any CPU.Build.0 = Debug|Any CPU
		{7BEEECC3-4316-6155-6DFB-B03659620101}.Release|Any CPU.ActiveCfg = Release|Any CPU
		{7BEEECC3-4316-6155-6DFB-B03659620101}.Release|Any CPU.Build.0 = Release|Any CPU
		{550F556E-008F-843E-CF04-7CF5813DC660}.Debug|Any CPU.ActiveCfg = Debug|Any CPU
		{550F556E-008F-843E-CF04-7CF5813DC660}.Debug|Any CPU.Build.0 = Debug|Any CPU
		{550F556E-008F-843E-CF04-7CF5813DC660}.Release|Any CPU.ActiveCfg = Release|Any CPU
		{550F556E-008F-843E-CF04-7CF5813DC660}.Release|Any CPU.Build.0 = Release|Any CPU
		{56B18F2E-36F4-853F-1E3B-8F0D39F79FC6}.Debug|Any CPU.ActiveCfg = Debug|Any CPU
		{56B18F2E-36F4-853F-1E3B-8F0D39F79FC6}.Debug|Any CPU.Build.0 = Debug|Any CPU
		{56B18F2E-36F4-853F-1E3B-8F0D39F79FC6}.Release|Any CPU.ActiveCfg = Release|Any CPU
		{56B18F2E-36F4-853F-1E3B-8F0D39F79FC6}.Release|Any CPU.Build.0 = Release|Any CPU
		{F71DA313-941F-B6CD-B073-E0E216166F6B}.Debug|Any CPU.ActiveCfg = Debug|Any CPU
		{F71DA313-941F-B6CD-B073-E0E216166F6B}.Debug|Any CPU.Build.0 = Debug|Any CPU
		{F71DA313-941F-B6CD-B073-E0E216166F6B}.Release|Any CPU.ActiveCfg = Release|Any CPU
		{F71DA313-941F-B6CD-B073-E0E216166F6B}.Release|Any CPU.Build.0 = Release|Any CPU
		{646B8D48-A988-CD41-B0A3-07537CA6220F}.Debug|Any CPU.ActiveCfg = Debug|Any CPU
		{646B8D48-A988-CD41-B0A3-07537CA6220F}.Debug|Any CPU.Build.0 = Debug|Any CPU
		{646B8D48-A988-CD41-B0A3-07537CA6220F}.Release|Any CPU.ActiveCfg = Release|Any CPU
		{646B8D48-A988-CD41-B0A3-07537CA6220F}.Release|Any CPU.Build.0 = Release|Any CPU
		{D700E4CF-C928-AC29-92AE-108873F062EF}.Debug|Any CPU.ActiveCfg = Debug|Any CPU
		{D700E4CF-C928-AC29-92AE-108873F062EF}.Debug|Any CPU.Build.0 = Debug|Any CPU
		{D700E4CF-C928-AC29-92AE-108873F062EF}.Release|Any CPU.ActiveCfg = Release|Any CPU
		{D700E4CF-C928-AC29-92AE-108873F062EF}.Release|Any CPU.Build.0 = Release|Any CPU
		{91540512-47FF-036A-AA32-B1370FDC7548}.Debug|Any CPU.ActiveCfg = Debug|Any CPU
		{91540512-47FF-036A-AA32-B1370FDC7548}.Debug|Any CPU.Build.0 = Debug|Any CPU
		{91540512-47FF-036A-AA32-B1370FDC7548}.Release|Any CPU.ActiveCfg = Release|Any CPU
		{91540512-47FF-036A-AA32-B1370FDC7548}.Release|Any CPU.Build.0 = Release|Any CPU
		{6A3565DD-4A6A-6586-EC79-6DB9B53064BE}.Debug|Any CPU.ActiveCfg = Debug|Any CPU
		{6A3565DD-4A6A-6586-EC79-6DB9B53064BE}.Debug|Any CPU.Build.0 = Debug|Any CPU
		{6A3565DD-4A6A-6586-EC79-6DB9B53064BE}.Release|Any CPU.ActiveCfg = Release|Any CPU
		{6A3565DD-4A6A-6586-EC79-6DB9B53064BE}.Release|Any CPU.Build.0 = Release|Any CPU
	EndGlobalSection
	GlobalSection(SolutionProperties) = preSolution
		HideSolutionNode = FALSE
	EndGlobalSection
	GlobalSection(NestedProjects) = preSolution
		{8B3A702C-E1B5-4068-A490-7915CB885D4F} = {57BC377B-13E4-47D2-9F9F-D8931EF118CE}
		{15E5D8EE-8B54-4660-B2F7-D3133C1DA71E} = {57BC377B-13E4-47D2-9F9F-D8931EF118CE}
		{CDDA104A-3060-3E8A-C200-15CD8E5B506F} = {02EA681E-C7D8-13C7-8484-4AC65E1B71E8}
		{033161BF-C5C3-8718-A117-A319463A7928} = {02EA681E-C7D8-13C7-8484-4AC65E1B71E8}
		{02EA681E-C7D8-13C7-8484-4AC65E1B71E8} = {57BC377B-13E4-47D2-9F9F-D8931EF118CE}
		{7BEEECC3-4316-6155-6DFB-B03659620101} = {02EA681E-C7D8-13C7-8484-4AC65E1B71E8}
		{550F556E-008F-843E-CF04-7CF5813DC660} = {C5BE4A41-5E34-4335-BC23-0A164957927C}
		{56B18F2E-36F4-853F-1E3B-8F0D39F79FC6} = {C5BE4A41-5E34-4335-BC23-0A164957927C}
		{F71DA313-941F-B6CD-B073-E0E216166F6B} = {C5BE4A41-5E34-4335-BC23-0A164957927C}
		{646B8D48-A988-CD41-B0A3-07537CA6220F} = {7CAFD0A5-433E-49E2-9972-D505C851AD64}
		{D700E4CF-C928-AC29-92AE-108873F062EF} = {57BC377B-13E4-47D2-9F9F-D8931EF118CE}
		{91540512-47FF-036A-AA32-B1370FDC7548} = {57BC377B-13E4-47D2-9F9F-D8931EF118CE}
		{6A3565DD-4A6A-6586-EC79-6DB9B53064BE} = {57BC377B-13E4-47D2-9F9F-D8931EF118CE}
	EndGlobalSection
	GlobalSection(ExtensibilityGlobals) = postSolution
		RESX_NeutralResourcesLanguage = en-US
		SolutionGuid = {EA53907E-01E0-4508-B5AA-B8DC74110B1C}
	EndGlobalSection
EndGlobal
